
Microsoft Visual Studio Solution File, Format Version 12.00
Project("{2150E333-8FDC-42A3-9474-1A3956D46DE8}") = "1. GettingStarted", "1. GettingStarted", "{DAA4E9C5-852E-4948-B0D7-2219C5CAAE85}"
EndProject
Project("{FAE04EC0-301F-11D3-BF4B-00C04F79EFBC}") = "Movies.Api", "Movies.Api\Movies.Api.csproj", "{6D47A8C4-4CA3-43F9-B1A7-8A6BFD885538}"
EndProject
Project("{FAE04EC0-301F-11D3-BF4B-00C04F79EFBC}") = "Movies.Contracts", "Movies.Contracts\Movies.Contracts.csproj", "{998BFD10-2B3B-470F-850B-CB181016E426}"
EndProject
Project("{2150E333-8FDC-42A3-9474-1A3956D46DE8}") = "2. BeyondTheBasics", "2. BeyondTheBasics", "{9EA87B01-7886-4F18-9EFD-A85F2534D915}"
EndProject
Project("{FAE04EC0-301F-11D3-BF4B-00C04F79EFBC}") = "2Movies.Api", "2Movies.Api\2Movies.Api.csproj", "{2B2C2869-AFD1-4C50-B288-C16698259195}"
EndProject
Project("{FAE04EC0-301F-11D3-BF4B-00C04F79EFBC}") = "2Movies.Application", "2Movies.Application\2Movies.Application.csproj", "{66257612-67AF-4EAB-94C0-0992CE3CA81A}"
EndProject
Project("{FAE04EC0-301F-11D3-BF4B-00C04F79EFBC}") = "2Movies.Contracts", "2Movies.Contracts\2Movies.Contracts.csproj", "{3CB364EE-7264-4C2D-82A7-EC627A9AD64E}"
EndProject
Project("{FAE04EC0-301F-11D3-BF4B-00C04F79EFBC}") = "Movies.Application", "Movies.Application\Movies.Application.csproj", "{F52373A5-A67E-4E6D-BA16-0C9F966383ED}"
EndProject
Project("{FAE04EC0-301F-11D3-BF4B-00C04F79EFBC}") = "Identity.Api", "..\..\Downloads\rest-api-course-final-master 2\Helpers\Identity.Api\Identity.Api.csproj", "{A31E72AE-9A5A-4B33-BF55-9CA2B99DBA83}"
EndProject
Global
	GlobalSection(SolutionConfigurationPlatforms) = preSolution
		Debug|Any CPU = Debug|Any CPU
		Release|Any CPU = Release|Any CPU
	EndGlobalSection
	GlobalSection(NestedProjects) = preSolution
		{6D47A8C4-4CA3-43F9-B1A7-8A6BFD885538} = {DAA4E9C5-852E-4948-B0D7-2219C5CAAE85}
		{998BFD10-2B3B-470F-850B-CB181016E426} = {DAA4E9C5-852E-4948-B0D7-2219C5CAAE85}
		{2B2C2869-AFD1-4C50-B288-C16698259195} = {9EA87B01-7886-4F18-9EFD-A85F2534D915}
		{66257612-67AF-4EAB-94C0-0992CE3CA81A} = {9EA87B01-7886-4F18-9EFD-A85F2534D915}
		{3CB364EE-7264-4C2D-82A7-EC627A9AD64E} = {9EA87B01-7886-4F18-9EFD-A85F2534D915}
		{F52373A5-A67E-4E6D-BA16-0C9F966383ED} = {DAA4E9C5-852E-4948-B0D7-2219C5CAAE85}
		{A31E72AE-9A5A-4B33-BF55-9CA2B99DBA83} = {9EA87B01-7886-4F18-9EFD-A85F2534D915}
	EndGlobalSection
	GlobalSection(ProjectConfigurationPlatforms) = postSolution
		{6D47A8C4-4CA3-43F9-B1A7-8A6BFD885538}.Debug|Any CPU.ActiveCfg = Debug|Any CPU
		{6D47A8C4-4CA3-43F9-B1A7-8A6BFD885538}.Debug|Any CPU.Build.0 = Debug|Any CPU
		{6D47A8C4-4CA3-43F9-B1A7-8A6BFD885538}.Release|Any CPU.ActiveCfg = Release|Any CPU
		{6D47A8C4-4CA3-43F9-B1A7-8A6BFD885538}.Release|Any CPU.Build.0 = Release|Any CPU
		{998BFD10-2B3B-470F-850B-CB181016E426}.Debug|Any CPU.ActiveCfg = Debug|Any CPU
		{998BFD10-2B3B-470F-850B-CB181016E426}.Debug|Any CPU.Build.0 = Debug|Any CPU
		{998BFD10-2B3B-470F-850B-CB181016E426}.Release|Any CPU.ActiveCfg = Release|Any CPU
		{998BFD10-2B3B-470F-850B-CB181016E426}.Release|Any CPU.Build.0 = Release|Any CPU
		{2B2C2869-AFD1-4C50-B288-C16698259195}.Debug|Any CPU.ActiveCfg = Debug|Any CPU
		{2B2C2869-AFD1-4C50-B288-C16698259195}.Debug|Any CPU.Build.0 = Debug|Any CPU
		{2B2C2869-AFD1-4C50-B288-C16698259195}.Release|Any CPU.ActiveCfg = Release|Any CPU
		{2B2C2869-AFD1-4C50-B288-C16698259195}.Release|Any CPU.Build.0 = Release|Any CPU
		{66257612-67AF-4EAB-94C0-0992CE3CA81A}.Debug|Any CPU.ActiveCfg = Debug|Any CPU
		{66257612-67AF-4EAB-94C0-0992CE3CA81A}.Debug|Any CPU.Build.0 = Debug|Any CPU
		{66257612-67AF-4EAB-94C0-0992CE3CA81A}.Release|Any CPU.ActiveCfg = Release|Any CPU
		{66257612-67AF-4EAB-94C0-0992CE3CA81A}.Release|Any CPU.Build.0 = Release|Any CPU
		{3CB364EE-7264-4C2D-82A7-EC627A9AD64E}.Debug|Any CPU.ActiveCfg = Debug|Any CPU
		{3CB364EE-7264-4C2D-82A7-EC627A9AD64E}.Debug|Any CPU.Build.0 = Debug|Any CPU
		{3CB364EE-7264-4C2D-82A7-EC627A9AD64E}.Release|Any CPU.ActiveCfg = Release|Any CPU
		{3CB364EE-7264-4C2D-82A7-EC627A9AD64E}.Release|Any CPU.Build.0 = Release|Any CPU
		{F52373A5-A67E-4E6D-BA16-0C9F966383ED}.Debug|Any CPU.ActiveCfg = Debug|Any CPU
		{F52373A5-A67E-4E6D-BA16-0C9F966383ED}.Debug|Any CPU.Build.0 = Debug|Any CPU
		{F52373A5-A67E-4E6D-BA16-0C9F966383ED}.Release|Any CPU.ActiveCfg = Release|Any CPU
		{F52373A5-A67E-4E6D-BA16-0C9F966383ED}.Release|Any CPU.Build.0 = Release|Any CPU
		{A31E72AE-9A5A-4B33-BF55-9CA2B99DBA83}.Debug|Any CPU.ActiveCfg = Debug|Any CPU
		{A31E72AE-9A5A-4B33-BF55-9CA2B99DBA83}.Debug|Any CPU.Build.0 = Debug|Any CPU
		{A31E72AE-9A5A-4B33-BF55-9CA2B99DBA83}.Release|Any CPU.ActiveCfg = Release|Any CPU
		{A31E72AE-9A5A-4B33-BF55-9CA2B99DBA83}.Release|Any CPU.Build.0 = Release|Any CPU
	EndGlobalSection
EndGlobal
